# THIS IS AN AUTOGENERATED FILE. DO NOT EDIT THIS FILE DIRECTLY.
# yarn lockfile v1


bun-types@^0.1.2:
  version "0.1.2"
  resolved "https://registry.yarnpkg.com/bun-types/-/bun-types-0.1.2.tgz#a7451d6e22a20e4088dff961bf30cd9f01ba10be"
  integrity sha512-7R0rl/rvVVsw5DSywjjI3u1Ai2RM2TPnUbMPwfoVr1R3pt/92E4jZD7ZqQIn25ZKucD6z5nVyux4pfXU4hcJnw==
